
Microsoft Visual Studio Solution File, Format Version 12.00
# Visual Studio 15
VisualStudioVersion = 15.0.27130.2024
MinimumVisualStudioVersion = 10.0.40219.1
Project("{9A19103F-16F7-4668-BE54-9A1E7A4F7556}") = "Silverback.Integration.Kafka", "src\Silverback.Integration.Kafka\Silverback.Integration.Kafka.csproj", "{C35C86FB-A751-4201-B8FD-427D0ABFAAB9}"
EndProject
Project("{2150E333-8FDC-42A3-9474-1A3956D46DE8}") = "Tests", "Tests", "{41241C4B-4938-47A6-AACB-ED0EA06173A4}"
EndProject
Project("{9A19103F-16F7-4668-BE54-9A1E7A4F7556}") = "Consumer", "tests\Consumer\Consumer.csproj", "{BF8546B2-E305-47EC-A97F-9A6768343DB9}"
EndProject
Project("{9A19103F-16F7-4668-BE54-9A1E7A4F7556}") = "Messages", "tests\Messages\Messages.csproj", "{C5FDBFA2-35E1-41A1-9C9C-F621922719C4}"
EndProject
Project("{9A19103F-16F7-4668-BE54-9A1E7A4F7556}") = "Producer", "tests\Producer\Producer.csproj", "{3A96E46D-FCC4-455B-9D1B-664C1C1C81A6}"
EndProject
Project("{9A19103F-16F7-4668-BE54-9A1E7A4F7556}") = "Silverback.Integration.Kafka.Tests", "tests\Silverback.Integration.Kafka.Tests\Silverback.Integration.Kafka.Tests.csproj", "{D3959271-8A3C-4F21-9F1F-DB4A07FAEDDC}"
EndProject
Global
	GlobalSection(SolutionConfigurationPlatforms) = preSolution
		Debug|Any CPU = Debug|Any CPU
		Release|Any CPU = Release|Any CPU
	EndGlobalSection
	GlobalSection(ProjectConfigurationPlatforms) = postSolution
		{C35C86FB-A751-4201-B8FD-427D0ABFAAB9}.Debug|Any CPU.ActiveCfg = Debug|Any CPU
		{C35C86FB-A751-4201-B8FD-427D0ABFAAB9}.Debug|Any CPU.Build.0 = Debug|Any CPU
		{C35C86FB-A751-4201-B8FD-427D0ABFAAB9}.Release|Any CPU.ActiveCfg = Release|Any CPU
		{C35C86FB-A751-4201-B8FD-427D0ABFAAB9}.Release|Any CPU.Build.0 = Release|Any CPU
		{BF8546B2-E305-47EC-A97F-9A6768343DB9}.Debug|Any CPU.ActiveCfg = Debug|Any CPU
		{BF8546B2-E305-47EC-A97F-9A6768343DB9}.Debug|Any CPU.Build.0 = Debug|Any CPU
		{BF8546B2-E305-47EC-A97F-9A6768343DB9}.Release|Any CPU.ActiveCfg = Release|Any CPU
		{BF8546B2-E305-47EC-A97F-9A6768343DB9}.Release|Any CPU.Build.0 = Release|Any CPU
		{C5FDBFA2-35E1-41A1-9C9C-F621922719C4}.Debug|Any CPU.ActiveCfg = Debug|Any CPU
		{C5FDBFA2-35E1-41A1-9C9C-F621922719C4}.Debug|Any CPU.Build.0 = Debug|Any CPU
		{C5FDBFA2-35E1-41A1-9C9C-F621922719C4}.Release|Any CPU.ActiveCfg = Release|Any CPU
		{C5FDBFA2-35E1-41A1-9C9C-F621922719C4}.Release|Any CPU.Build.0 = Release|Any CPU
		{3A96E46D-FCC4-455B-9D1B-664C1C1C81A6}.Debug|Any CPU.ActiveCfg = Debug|Any CPU
		{3A96E46D-FCC4-455B-9D1B-664C1C1C81A6}.Debug|Any CPU.Build.0 = Debug|Any CPU
		{3A96E46D-FCC4-455B-9D1B-664C1C1C81A6}.Release|Any CPU.ActiveCfg = Release|Any CPU
		{3A96E46D-FCC4-455B-9D1B-664C1C1C81A6}.Release|Any CPU.Build.0 = Release|Any CPU
		{D3959271-8A3C-4F21-9F1F-DB4A07FAEDDC}.Debug|Any CPU.ActiveCfg = Debug|Any CPU
		{D3959271-8A3C-4F21-9F1F-DB4A07FAEDDC}.Debug|Any CPU.Build.0 = Debug|Any CPU
		{D3959271-8A3C-4F21-9F1F-DB4A07FAEDDC}.Release|Any CPU.ActiveCfg = Release|Any CPU
		{D3959271-8A3C-4F21-9F1F-DB4A07FAEDDC}.Release|Any CPU.Build.0 = Release|Any CPU
	EndGlobalSection
	GlobalSection(SolutionProperties) = preSolution
		HideSolutionNode = FALSE
	EndGlobalSection
	GlobalSection(NestedProjects) = preSolution
		{BF8546B2-E305-47EC-A97F-9A6768343DB9} = {41241C4B-4938-47A6-AACB-ED0EA06173A4}
		{C5FDBFA2-35E1-41A1-9C9C-F621922719C4} = {41241C4B-4938-47A6-AACB-ED0EA06173A4}
		{3A96E46D-FCC4-455B-9D1B-664C1C1C81A6} = {41241C4B-4938-47A6-AACB-ED0EA06173A4}
		{D3959271-8A3C-4F21-9F1F-DB4A07FAEDDC} = {41241C4B-4938-47A6-AACB-ED0EA06173A4}
	EndGlobalSection
	GlobalSection(ExtensibilityGlobals) = postSolution
		SolutionGuid = {F1CD593B-1568-41E8-A80A-9E54AF9C8B77}
	EndGlobalSection
EndGlobal
