
Microsoft Visual Studio Solution File, Format Version 12.00
# Visual Studio 15
VisualStudioVersion = 15.0.27130.2024
MinimumVisualStudioVersion = 10.0.40219.1
Project("{FAE04EC0-301F-11D3-BF4B-00C04F79EFBC}") = "Silverback.Integration.Kafka", "src\Silverback.Integration.Kafka\Silverback.Integration.Kafka.csproj", "{158D13AD-F689-4578-8C10-0BEE6B6705ED}"
EndProject
Global
	GlobalSection(SolutionConfigurationPlatforms) = preSolution
		Debug|Any CPU = Debug|Any CPU
		Release|Any CPU = Release|Any CPU
	EndGlobalSection
	GlobalSection(ProjectConfigurationPlatforms) = postSolution
		{158D13AD-F689-4578-8C10-0BEE6B6705ED}.Debug|Any CPU.ActiveCfg = Debug|Any CPU
		{158D13AD-F689-4578-8C10-0BEE6B6705ED}.Debug|Any CPU.Build.0 = Debug|Any CPU
		{158D13AD-F689-4578-8C10-0BEE6B6705ED}.Release|Any CPU.ActiveCfg = Release|Any CPU
		{158D13AD-F689-4578-8C10-0BEE6B6705ED}.Release|Any CPU.Build.0 = Release|Any CPU
	EndGlobalSection
	GlobalSection(SolutionProperties) = preSolution
		HideSolutionNode = FALSE
	EndGlobalSection
	GlobalSection(ExtensibilityGlobals) = postSolution
		SolutionGuid = {31D21423-B33D-4987-B37B-705EAD6B05C0}
	EndGlobalSection
EndGlobal
