
Microsoft Visual Studio Solution File, Format Version 12.00
# Visual Studio Version 16
VisualStudioVersion = 16.0.29009.5
MinimumVisualStudioVersion = 10.0.40219.1
Project("{9A19103F-16F7-4668-BE54-9A1E7A4F7556}") = "Silverback.Core", "src\Silverback.Core\Silverback.Core.csproj", "{FE7472E6-E52F-4352-82AD-AFB700397B20}"
EndProject
Project("{2150E333-8FDC-42A3-9474-1A3956D46DE8}") = "Tests", "Tests", "{6AFB87A3-501B-4A87-B94C-205AEB118D97}"
EndProject
Project("{9A19103F-16F7-4668-BE54-9A1E7A4F7556}") = "Silverback.Core.Tests", "tests\Silverback.Core.Tests\Silverback.Core.Tests.csproj", "{BD4F624F-6C41-4F7B-B7FA-7DB7B329F044}"
EndProject
Project("{9A19103F-16F7-4668-BE54-9A1E7A4F7556}") = "Silverback.Core.Rx", "src\Silverback.Core.Rx\Silverback.Core.Rx.csproj", "{30B1FED9-E842-4B5B-8F5D-AAD6B35FECAC}"
EndProject
Project("{9A19103F-16F7-4668-BE54-9A1E7A4F7556}") = "Silverback.Core.Rx.Tests", "tests\Silverback.Core.Rx.Tests\Silverback.Core.Rx.Tests.csproj", "{1746016F-588D-4C95-888D-C759E87E3805}"
EndProject
Project("{9A19103F-16F7-4668-BE54-9A1E7A4F7556}") = "Silverback.Core.Model", "src\Silverback.Core.Model\Silverback.Core.Model.csproj", "{09CF0816-6CD7-4452-94F8-312C25877452}"
EndProject
Project("{9A19103F-16F7-4668-BE54-9A1E7A4F7556}") = "Silverback.Core.Model.Tests", "tests\Silverback.Core.Model.Tests\Silverback.Core.Model.Tests.csproj", "{46324C87-66B3-4326-B572-C69DC2CC8DBA}"
EndProject
Project("{9A19103F-16F7-4668-BE54-9A1E7A4F7556}") = "Silverback.Integration.Tests", "tests\Silverback.Integration.Tests\Silverback.Integration.Tests.csproj", "{9A21AE72-B94E-433C-B98F-D0E442B814DE}"
EndProject
Project("{9A19103F-16F7-4668-BE54-9A1E7A4F7556}") = "Silverback.Integration", "src\Silverback.Integration\Silverback.Integration.csproj", "{A020E8B3-4903-46D4-A376-D06B226B2036}"
EndProject
Project("{9A19103F-16F7-4668-BE54-9A1E7A4F7556}") = "Silverback.Integration.Kafka", "src\Silverback.Integration.Kafka\Silverback.Integration.Kafka.csproj", "{779B491E-66DD-4BC5-BF01-63633D00E4CA}"
EndProject
Project("{9A19103F-16F7-4668-BE54-9A1E7A4F7556}") = "Silverback.Integration.Kafka.Tests", "tests\Silverback.Integration.Kafka.Tests\Silverback.Integration.Kafka.Tests.csproj", "{4A247BE9-6655-4939-AC04-028AC0A3C9A7}"
EndProject
Project("{2150E333-8FDC-42A3-9474-1A3956D46DE8}") = "Tools", "Tools", "{9818A770-01ED-4340-BD4A-CFDDA6C56168}"
EndProject
Project("{9A19103F-16F7-4668-BE54-9A1E7A4F7556}") = "Silverback.EventSourcing", "src\Silverback.EventSourcing\Silverback.EventSourcing.csproj", "{2DB57B2C-26CF-4635-AE66-972981DA77D9}"
EndProject
Project("{9A19103F-16F7-4668-BE54-9A1E7A4F7556}") = "Silverback.EventSourcing.Tests", "tests\Silverback.EventSourcing.Tests\Silverback.EventSourcing.Tests.csproj", "{AB4EC3F2-A116-439E-B715-78ED415A96CC}"
EndProject
Project("{9A19103F-16F7-4668-BE54-9A1E7A4F7556}") = "Silverback.Core.EFCore30", "src\Silverback.Core.EFCore30\Silverback.Core.EFCore30.csproj", "{3C38A77C-3C8B-4BB8-B60C-D4E541B8358F}"
EndProject
Project("{9A19103F-16F7-4668-BE54-9A1E7A4F7556}") = "Silverback.Core.EFCore30.Tests", "tests\Silverback.Core.EfCore30.Tests\Silverback.Core.EFCore30.Tests.csproj", "{B610078C-57F5-40F3-9095-6626BC135800}"
EndProject
Project("{9A19103F-16F7-4668-BE54-9A1E7A4F7556}") = "Silverback.Integration.HealthChecks", "src\Silverback.Integration.HealthChecks\Silverback.Integration.HealthChecks.csproj", "{E26E63E2-9571-46A5-88EB-C2CA40052022}"
EndProject
Project("{2150E333-8FDC-42A3-9474-1A3956D46DE8}") = "Solution Items", "Solution Items", "{C177137F-A084-4178-805F-890F0A175A56}"
	ProjectSection(SolutionItems) = preProject
		azure-pipelines.yml = azure-pipelines.yml
		Directory.Build.props = Directory.Build.props
		nuget.config = nuget.config
		Silverback.sln.DotSettings = Silverback.sln.DotSettings
		CONTRIBUTING.md = CONTRIBUTING.md
		docker-compose.yaml = docker-compose.yaml
		LICENSE = LICENSE
		README.md = README.md
		nuget\Update.ps1 = nuget\Update.ps1
		.gitignore = .gitignore
		global.json = global.json
		stylecop.json = stylecop.json
		azure-pipelines.sonar.yml = azure-pipelines.sonar.yml
		.editorconfig = .editorconfig
	EndProjectSection
EndProject
Project("{FAE04EC0-301F-11D3-BF4B-00C04F79EFBC}") = "Silverback.Integration.Kafka.SchemaRegistry", "src\Silverback.Integration.Kafka.SchemaRegistry\Silverback.Integration.Kafka.SchemaRegistry.csproj", "{521B782C-7D00-4489-879C-7FA666CC6474}"
EndProject
Project("{FAE04EC0-301F-11D3-BF4B-00C04F79EFBC}") = "Silverback.Tests.Common", "tests\Silverback.Tests.Common\Silverback.Tests.Common.csproj", "{5D0507A1-FD7B-46F7-99AC-4904E0DD47D9}"
EndProject
Project("{FAE04EC0-301F-11D3-BF4B-00C04F79EFBC}") = "Silverback.Integration.Tests.E2E", "tests\Silverback.Integration.Tests.E2E\Silverback.Integration.Tests.E2E.csproj", "{E9006DFF-E8EA-410E-8E85-67E2EBAF0109}"
EndProject
Project("{2150E333-8FDC-42A3-9474-1A3956D46DE8}") = "src", "src", "{40A3FAE3-7298-4A07-9BEC-32E2C10FDC83}"
ProjectSection(SolutionItems) = preProject
	src\Directory.Build.props = src\Directory.Build.props
EndProjectSection
EndProject
Project("{2150E333-8FDC-42A3-9474-1A3956D46DE8}") = "tests", "tests", "{AF991E12-F761-4D3D-82DC-BA204813C54E}"
ProjectSection(SolutionItems) = preProject
	tests\xunit.runner.json = tests\xunit.runner.json
	tests\.editorconfig = tests\.editorconfig
EndProjectSection
EndProject
Project("{2150E333-8FDC-42A3-9474-1A3956D46DE8}") = "tools", "tools", "{65B73763-9024-43A1-BFAF-045863CAEE1A}"
ProjectSection(SolutionItems) = preProject
	tools\.editorconfig = tools\.editorconfig
EndProjectSection
EndProject
Project("{FAE04EC0-301F-11D3-BF4B-00C04F79EFBC}") = "Silverback.Tests.Performance", "tests\Silverback.Tests.Performance\Silverback.Tests.Performance.csproj", "{EF1AA5A3-B806-4259-BAE9-746452782B57}"
EndProject
Project("{FAE04EC0-301F-11D3-BF4B-00C04F79EFBC}") = "Silverback.Integration.Newtonsoft", "src\Silverback.Integration.Newtonsoft\Silverback.Integration.Newtonsoft.csproj", "{7E1B05E3-5F4C-401E-86AC-7553B0B34BA7}"
EndProject
Project("{FAE04EC0-301F-11D3-BF4B-00C04F79EFBC}") = "Silverback.Integration.Newtonsoft.Tests", "tests\Silverback.Integration.Newtonsoft.Tests\Silverback.Integration.Newtonsoft.Tests.csproj", "{AF919F36-871B-41BC-8093-54DAEB024296}"
EndProject
Project("{FAE04EC0-301F-11D3-BF4B-00C04F79EFBC}") = "Silverback.Tests.Common.Integration", "tests\Silverback.Tests.Common.Integration\Silverback.Tests.Common.Integration.csproj", "{00BA530D-20C8-4F42-9296-186766B9EC5C}"
EndProject
Project("{FAE04EC0-301F-11D3-BF4B-00C04F79EFBC}") = "Silverback.Integration.Kafka.Testing", "src\Silverback.Integration.Kafka.Testing\Silverback.Integration.Kafka.Testing.csproj", "{25884EC6-090E-4B20-9A19-92A61C797047}"
EndProject
Project("{FAE04EC0-301F-11D3-BF4B-00C04F79EFBC}") = "Silverback.Integration.Kafka.SchemaRegistry.Tests", "tests\Silverback.Integration.Kafka.SchemaRegistry.Tests\Silverback.Integration.Kafka.SchemaRegistry.Tests.csproj", "{0E38DDE2-BF48-4FAA-ADCB-E2DD162BFC27}"
EndProject
Project("{FAE04EC0-301F-11D3-BF4B-00C04F79EFBC}") = "Silverback.Integration.MQTT", "src\Silverback.Integration.MQTT\Silverback.Integration.MQTT.csproj", "{4F363150-3DA8-4A65-BAC8-8EB55D6C487E}"
EndProject
Project("{FAE04EC0-301F-11D3-BF4B-00C04F79EFBC}") = "Silverback.Integration.MQTT.Testing", "src\Silverback.Integration.MQTT.Testing\Silverback.Integration.MQTT.Testing.csproj", "{A357BA20-FA45-42C9-A58F-E05AC7C08656}"
EndProject
Project("{FAE04EC0-301F-11D3-BF4B-00C04F79EFBC}") = "Silverback.Integration.MQTT.Tests", "tests\Silverback.Integration.MQTT.Tests\Silverback.Integration.MQTT.Tests.csproj", "{82389BE6-8BAF-47B1-85A2-69023C94C42E}"
EndProject
Project("{FAE04EC0-301F-11D3-BF4B-00C04F79EFBC}") = "Silverback.Integration.Testing", "src\Silverback.Integration.Testing\Silverback.Integration.Testing.csproj", "{131DBD43-DDE4-432A-9618-7DE9B53D768B}"
EndProject
Project("{FAE04EC0-301F-11D3-BF4B-00C04F79EFBC}") = "Silverback.Tools.LogEventsDocsGenerator", "tools\Silverback.Tools.LogEventsDocsGenerator\Silverback.Tools.LogEventsDocsGenerator.csproj", "{FA851A59-335E-43C7-9F99-23ADD44A99B0}"
EndProject
Project("{FAE04EC0-301F-11D3-BF4B-00C04F79EFBC}") = "Silverback.Tools.KafkaConfigClassGenerator", "tools\Silverback.Tools.KafkaConfigClassGenerator\Silverback.Tools.KafkaConfigClassGenerator.csproj", "{504138DE-E59C-4CDA-9118-F90B7E6AF7D7}"
EndProject
Project("{FAE04EC0-301F-11D3-BF4B-00C04F79EFBC}") = "Silverback.Integration.HealthChecks.Tests", "tests\Silverback.Integration.HealthChecks.Tests\Silverback.Integration.HealthChecks.Tests.csproj", "{7FD94CD1-2A5B-4F26-8926-F893FFA31713}"
EndProject
Project("{FAE04EC0-301F-11D3-BF4B-00C04F79EFBC}") = "Silverback.Integration.Kafka.Testing.Tests", "tests\Silverback.Integration.Kafka.Testing.Tests\Silverback.Integration.Kafka.Testing.Tests.csproj", "{76337F92-F6A2-4735-AA21-DFE70059D7FF}"
EndProject
Project("{FAE04EC0-301F-11D3-BF4B-00C04F79EFBC}") = "Silverback.Integration.MQTT.Testing.Tests", "tests\Silverback.Integration.MQTT.Testing.Tests\Silverback.Integration.MQTT.Testing.Tests.csproj", "{B5732F14-A64B-4A5A-9941-FD615ACDF76F}"
EndProject
Global
	GlobalSection(SolutionConfigurationPlatforms) = preSolution
		Debug|Any CPU = Debug|Any CPU
		Release|Any CPU = Release|Any CPU
	EndGlobalSection
	GlobalSection(ProjectConfigurationPlatforms) = postSolution
		{FE7472E6-E52F-4352-82AD-AFB700397B20}.Debug|Any CPU.ActiveCfg = Debug|Any CPU
		{FE7472E6-E52F-4352-82AD-AFB700397B20}.Debug|Any CPU.Build.0 = Debug|Any CPU
		{FE7472E6-E52F-4352-82AD-AFB700397B20}.Release|Any CPU.ActiveCfg = Release|Any CPU
		{FE7472E6-E52F-4352-82AD-AFB700397B20}.Release|Any CPU.Build.0 = Release|Any CPU
		{BD4F624F-6C41-4F7B-B7FA-7DB7B329F044}.Debug|Any CPU.ActiveCfg = Debug|Any CPU
		{BD4F624F-6C41-4F7B-B7FA-7DB7B329F044}.Debug|Any CPU.Build.0 = Debug|Any CPU
		{BD4F624F-6C41-4F7B-B7FA-7DB7B329F044}.Release|Any CPU.ActiveCfg = Release|Any CPU
		{BD4F624F-6C41-4F7B-B7FA-7DB7B329F044}.Release|Any CPU.Build.0 = Release|Any CPU
		{30B1FED9-E842-4B5B-8F5D-AAD6B35FECAC}.Debug|Any CPU.ActiveCfg = Debug|Any CPU
		{30B1FED9-E842-4B5B-8F5D-AAD6B35FECAC}.Debug|Any CPU.Build.0 = Debug|Any CPU
		{30B1FED9-E842-4B5B-8F5D-AAD6B35FECAC}.Release|Any CPU.ActiveCfg = Release|Any CPU
		{30B1FED9-E842-4B5B-8F5D-AAD6B35FECAC}.Release|Any CPU.Build.0 = Release|Any CPU
		{1746016F-588D-4C95-888D-C759E87E3805}.Debug|Any CPU.ActiveCfg = Debug|Any CPU
		{1746016F-588D-4C95-888D-C759E87E3805}.Debug|Any CPU.Build.0 = Debug|Any CPU
		{1746016F-588D-4C95-888D-C759E87E3805}.Release|Any CPU.ActiveCfg = Release|Any CPU
		{1746016F-588D-4C95-888D-C759E87E3805}.Release|Any CPU.Build.0 = Release|Any CPU
		{09CF0816-6CD7-4452-94F8-312C25877452}.Debug|Any CPU.ActiveCfg = Debug|Any CPU
		{09CF0816-6CD7-4452-94F8-312C25877452}.Debug|Any CPU.Build.0 = Debug|Any CPU
		{09CF0816-6CD7-4452-94F8-312C25877452}.Release|Any CPU.ActiveCfg = Release|Any CPU
		{09CF0816-6CD7-4452-94F8-312C25877452}.Release|Any CPU.Build.0 = Release|Any CPU
		{46324C87-66B3-4326-B572-C69DC2CC8DBA}.Debug|Any CPU.ActiveCfg = Debug|Any CPU
		{46324C87-66B3-4326-B572-C69DC2CC8DBA}.Debug|Any CPU.Build.0 = Debug|Any CPU
		{46324C87-66B3-4326-B572-C69DC2CC8DBA}.Release|Any CPU.ActiveCfg = Release|Any CPU
		{46324C87-66B3-4326-B572-C69DC2CC8DBA}.Release|Any CPU.Build.0 = Release|Any CPU
		{9A21AE72-B94E-433C-B98F-D0E442B814DE}.Debug|Any CPU.ActiveCfg = Debug|Any CPU
		{9A21AE72-B94E-433C-B98F-D0E442B814DE}.Debug|Any CPU.Build.0 = Debug|Any CPU
		{9A21AE72-B94E-433C-B98F-D0E442B814DE}.Release|Any CPU.ActiveCfg = Release|Any CPU
		{9A21AE72-B94E-433C-B98F-D0E442B814DE}.Release|Any CPU.Build.0 = Release|Any CPU
		{A020E8B3-4903-46D4-A376-D06B226B2036}.Debug|Any CPU.ActiveCfg = Debug|Any CPU
		{A020E8B3-4903-46D4-A376-D06B226B2036}.Debug|Any CPU.Build.0 = Debug|Any CPU
		{A020E8B3-4903-46D4-A376-D06B226B2036}.Release|Any CPU.ActiveCfg = Release|Any CPU
		{A020E8B3-4903-46D4-A376-D06B226B2036}.Release|Any CPU.Build.0 = Release|Any CPU
		{779B491E-66DD-4BC5-BF01-63633D00E4CA}.Debug|Any CPU.ActiveCfg = Debug|Any CPU
		{779B491E-66DD-4BC5-BF01-63633D00E4CA}.Debug|Any CPU.Build.0 = Debug|Any CPU
		{779B491E-66DD-4BC5-BF01-63633D00E4CA}.Release|Any CPU.ActiveCfg = Release|Any CPU
		{779B491E-66DD-4BC5-BF01-63633D00E4CA}.Release|Any CPU.Build.0 = Release|Any CPU
		{4A247BE9-6655-4939-AC04-028AC0A3C9A7}.Debug|Any CPU.ActiveCfg = Debug|Any CPU
		{4A247BE9-6655-4939-AC04-028AC0A3C9A7}.Debug|Any CPU.Build.0 = Debug|Any CPU
		{4A247BE9-6655-4939-AC04-028AC0A3C9A7}.Release|Any CPU.ActiveCfg = Release|Any CPU
		{4A247BE9-6655-4939-AC04-028AC0A3C9A7}.Release|Any CPU.Build.0 = Release|Any CPU
		{2DB57B2C-26CF-4635-AE66-972981DA77D9}.Debug|Any CPU.ActiveCfg = Debug|Any CPU
		{2DB57B2C-26CF-4635-AE66-972981DA77D9}.Debug|Any CPU.Build.0 = Debug|Any CPU
		{2DB57B2C-26CF-4635-AE66-972981DA77D9}.Release|Any CPU.ActiveCfg = Release|Any CPU
		{2DB57B2C-26CF-4635-AE66-972981DA77D9}.Release|Any CPU.Build.0 = Release|Any CPU
		{AB4EC3F2-A116-439E-B715-78ED415A96CC}.Debug|Any CPU.ActiveCfg = Debug|Any CPU
		{AB4EC3F2-A116-439E-B715-78ED415A96CC}.Debug|Any CPU.Build.0 = Debug|Any CPU
		{AB4EC3F2-A116-439E-B715-78ED415A96CC}.Release|Any CPU.ActiveCfg = Release|Any CPU
		{AB4EC3F2-A116-439E-B715-78ED415A96CC}.Release|Any CPU.Build.0 = Release|Any CPU
		{3C38A77C-3C8B-4BB8-B60C-D4E541B8358F}.Debug|Any CPU.ActiveCfg = Debug|Any CPU
		{3C38A77C-3C8B-4BB8-B60C-D4E541B8358F}.Debug|Any CPU.Build.0 = Debug|Any CPU
		{3C38A77C-3C8B-4BB8-B60C-D4E541B8358F}.Release|Any CPU.ActiveCfg = Release|Any CPU
		{3C38A77C-3C8B-4BB8-B60C-D4E541B8358F}.Release|Any CPU.Build.0 = Release|Any CPU
		{B610078C-57F5-40F3-9095-6626BC135800}.Debug|Any CPU.ActiveCfg = Debug|Any CPU
		{B610078C-57F5-40F3-9095-6626BC135800}.Debug|Any CPU.Build.0 = Debug|Any CPU
		{B610078C-57F5-40F3-9095-6626BC135800}.Release|Any CPU.ActiveCfg = Release|Any CPU
		{B610078C-57F5-40F3-9095-6626BC135800}.Release|Any CPU.Build.0 = Release|Any CPU
		{E26E63E2-9571-46A5-88EB-C2CA40052022}.Debug|Any CPU.ActiveCfg = Debug|Any CPU
		{E26E63E2-9571-46A5-88EB-C2CA40052022}.Debug|Any CPU.Build.0 = Debug|Any CPU
		{E26E63E2-9571-46A5-88EB-C2CA40052022}.Release|Any CPU.ActiveCfg = Release|Any CPU
		{E26E63E2-9571-46A5-88EB-C2CA40052022}.Release|Any CPU.Build.0 = Release|Any CPU
		{521B782C-7D00-4489-879C-7FA666CC6474}.Debug|Any CPU.ActiveCfg = Debug|Any CPU
		{521B782C-7D00-4489-879C-7FA666CC6474}.Debug|Any CPU.Build.0 = Debug|Any CPU
		{521B782C-7D00-4489-879C-7FA666CC6474}.Release|Any CPU.ActiveCfg = Release|Any CPU
		{521B782C-7D00-4489-879C-7FA666CC6474}.Release|Any CPU.Build.0 = Release|Any CPU
		{5D0507A1-FD7B-46F7-99AC-4904E0DD47D9}.Debug|Any CPU.ActiveCfg = Debug|Any CPU
		{5D0507A1-FD7B-46F7-99AC-4904E0DD47D9}.Debug|Any CPU.Build.0 = Debug|Any CPU
		{5D0507A1-FD7B-46F7-99AC-4904E0DD47D9}.Release|Any CPU.ActiveCfg = Release|Any CPU
		{5D0507A1-FD7B-46F7-99AC-4904E0DD47D9}.Release|Any CPU.Build.0 = Release|Any CPU
		{E9006DFF-E8EA-410E-8E85-67E2EBAF0109}.Debug|Any CPU.ActiveCfg = Debug|Any CPU
		{E9006DFF-E8EA-410E-8E85-67E2EBAF0109}.Debug|Any CPU.Build.0 = Debug|Any CPU
		{E9006DFF-E8EA-410E-8E85-67E2EBAF0109}.Release|Any CPU.ActiveCfg = Release|Any CPU
		{E9006DFF-E8EA-410E-8E85-67E2EBAF0109}.Release|Any CPU.Build.0 = Release|Any CPU
		{EF1AA5A3-B806-4259-BAE9-746452782B57}.Debug|Any CPU.ActiveCfg = Debug|Any CPU
		{EF1AA5A3-B806-4259-BAE9-746452782B57}.Debug|Any CPU.Build.0 = Debug|Any CPU
		{EF1AA5A3-B806-4259-BAE9-746452782B57}.Release|Any CPU.ActiveCfg = Release|Any CPU
		{EF1AA5A3-B806-4259-BAE9-746452782B57}.Release|Any CPU.Build.0 = Release|Any CPU
		{7E1B05E3-5F4C-401E-86AC-7553B0B34BA7}.Debug|Any CPU.ActiveCfg = Debug|Any CPU
		{7E1B05E3-5F4C-401E-86AC-7553B0B34BA7}.Debug|Any CPU.Build.0 = Debug|Any CPU
		{7E1B05E3-5F4C-401E-86AC-7553B0B34BA7}.Release|Any CPU.ActiveCfg = Release|Any CPU
		{7E1B05E3-5F4C-401E-86AC-7553B0B34BA7}.Release|Any CPU.Build.0 = Release|Any CPU
		{AF919F36-871B-41BC-8093-54DAEB024296}.Debug|Any CPU.ActiveCfg = Debug|Any CPU
		{AF919F36-871B-41BC-8093-54DAEB024296}.Debug|Any CPU.Build.0 = Debug|Any CPU
		{AF919F36-871B-41BC-8093-54DAEB024296}.Release|Any CPU.ActiveCfg = Release|Any CPU
		{AF919F36-871B-41BC-8093-54DAEB024296}.Release|Any CPU.Build.0 = Release|Any CPU
		{00BA530D-20C8-4F42-9296-186766B9EC5C}.Debug|Any CPU.ActiveCfg = Debug|Any CPU
		{00BA530D-20C8-4F42-9296-186766B9EC5C}.Debug|Any CPU.Build.0 = Debug|Any CPU
		{00BA530D-20C8-4F42-9296-186766B9EC5C}.Release|Any CPU.ActiveCfg = Release|Any CPU
		{00BA530D-20C8-4F42-9296-186766B9EC5C}.Release|Any CPU.Build.0 = Release|Any CPU
		{25884EC6-090E-4B20-9A19-92A61C797047}.Debug|Any CPU.ActiveCfg = Debug|Any CPU
		{25884EC6-090E-4B20-9A19-92A61C797047}.Debug|Any CPU.Build.0 = Debug|Any CPU
		{25884EC6-090E-4B20-9A19-92A61C797047}.Release|Any CPU.ActiveCfg = Release|Any CPU
		{25884EC6-090E-4B20-9A19-92A61C797047}.Release|Any CPU.Build.0 = Release|Any CPU
		{0E38DDE2-BF48-4FAA-ADCB-E2DD162BFC27}.Debug|Any CPU.ActiveCfg = Debug|Any CPU
		{0E38DDE2-BF48-4FAA-ADCB-E2DD162BFC27}.Debug|Any CPU.Build.0 = Debug|Any CPU
		{0E38DDE2-BF48-4FAA-ADCB-E2DD162BFC27}.Release|Any CPU.ActiveCfg = Release|Any CPU
		{0E38DDE2-BF48-4FAA-ADCB-E2DD162BFC27}.Release|Any CPU.Build.0 = Release|Any CPU
		{4F363150-3DA8-4A65-BAC8-8EB55D6C487E}.Debug|Any CPU.ActiveCfg = Debug|Any CPU
		{4F363150-3DA8-4A65-BAC8-8EB55D6C487E}.Debug|Any CPU.Build.0 = Debug|Any CPU
		{4F363150-3DA8-4A65-BAC8-8EB55D6C487E}.Release|Any CPU.ActiveCfg = Release|Any CPU
		{4F363150-3DA8-4A65-BAC8-8EB55D6C487E}.Release|Any CPU.Build.0 = Release|Any CPU
		{A357BA20-FA45-42C9-A58F-E05AC7C08656}.Debug|Any CPU.ActiveCfg = Debug|Any CPU
		{A357BA20-FA45-42C9-A58F-E05AC7C08656}.Debug|Any CPU.Build.0 = Debug|Any CPU
		{A357BA20-FA45-42C9-A58F-E05AC7C08656}.Release|Any CPU.ActiveCfg = Release|Any CPU
		{A357BA20-FA45-42C9-A58F-E05AC7C08656}.Release|Any CPU.Build.0 = Release|Any CPU
		{82389BE6-8BAF-47B1-85A2-69023C94C42E}.Debug|Any CPU.ActiveCfg = Debug|Any CPU
		{82389BE6-8BAF-47B1-85A2-69023C94C42E}.Debug|Any CPU.Build.0 = Debug|Any CPU
		{82389BE6-8BAF-47B1-85A2-69023C94C42E}.Release|Any CPU.ActiveCfg = Release|Any CPU
		{82389BE6-8BAF-47B1-85A2-69023C94C42E}.Release|Any CPU.Build.0 = Release|Any CPU
		{131DBD43-DDE4-432A-9618-7DE9B53D768B}.Debug|Any CPU.ActiveCfg = Debug|Any CPU
		{131DBD43-DDE4-432A-9618-7DE9B53D768B}.Debug|Any CPU.Build.0 = Debug|Any CPU
		{131DBD43-DDE4-432A-9618-7DE9B53D768B}.Release|Any CPU.ActiveCfg = Release|Any CPU
		{131DBD43-DDE4-432A-9618-7DE9B53D768B}.Release|Any CPU.Build.0 = Release|Any CPU
		{FA851A59-335E-43C7-9F99-23ADD44A99B0}.Debug|Any CPU.ActiveCfg = Debug|Any CPU
		{FA851A59-335E-43C7-9F99-23ADD44A99B0}.Debug|Any CPU.Build.0 = Debug|Any CPU
		{FA851A59-335E-43C7-9F99-23ADD44A99B0}.Release|Any CPU.ActiveCfg = Release|Any CPU
		{FA851A59-335E-43C7-9F99-23ADD44A99B0}.Release|Any CPU.Build.0 = Release|Any CPU
		{504138DE-E59C-4CDA-9118-F90B7E6AF7D7}.Debug|Any CPU.ActiveCfg = Debug|Any CPU
		{504138DE-E59C-4CDA-9118-F90B7E6AF7D7}.Debug|Any CPU.Build.0 = Debug|Any CPU
		{504138DE-E59C-4CDA-9118-F90B7E6AF7D7}.Release|Any CPU.ActiveCfg = Release|Any CPU
		{504138DE-E59C-4CDA-9118-F90B7E6AF7D7}.Release|Any CPU.Build.0 = Release|Any CPU
		{7FD94CD1-2A5B-4F26-8926-F893FFA31713}.Debug|Any CPU.ActiveCfg = Debug|Any CPU
		{7FD94CD1-2A5B-4F26-8926-F893FFA31713}.Debug|Any CPU.Build.0 = Debug|Any CPU
		{7FD94CD1-2A5B-4F26-8926-F893FFA31713}.Release|Any CPU.ActiveCfg = Release|Any CPU
		{7FD94CD1-2A5B-4F26-8926-F893FFA31713}.Release|Any CPU.Build.0 = Release|Any CPU
		{76337F92-F6A2-4735-AA21-DFE70059D7FF}.Debug|Any CPU.ActiveCfg = Debug|Any CPU
		{76337F92-F6A2-4735-AA21-DFE70059D7FF}.Debug|Any CPU.Build.0 = Debug|Any CPU
		{76337F92-F6A2-4735-AA21-DFE70059D7FF}.Release|Any CPU.ActiveCfg = Release|Any CPU
		{76337F92-F6A2-4735-AA21-DFE70059D7FF}.Release|Any CPU.Build.0 = Release|Any CPU
		{B5732F14-A64B-4A5A-9941-FD615ACDF76F}.Debug|Any CPU.ActiveCfg = Debug|Any CPU
		{B5732F14-A64B-4A5A-9941-FD615ACDF76F}.Debug|Any CPU.Build.0 = Debug|Any CPU
		{B5732F14-A64B-4A5A-9941-FD615ACDF76F}.Release|Any CPU.ActiveCfg = Release|Any CPU
		{B5732F14-A64B-4A5A-9941-FD615ACDF76F}.Release|Any CPU.Build.0 = Release|Any CPU
	EndGlobalSection
	GlobalSection(SolutionProperties) = preSolution
		HideSolutionNode = FALSE
	EndGlobalSection
	GlobalSection(NestedProjects) = preSolution
		{BD4F624F-6C41-4F7B-B7FA-7DB7B329F044} = {6AFB87A3-501B-4A87-B94C-205AEB118D97}
		{1746016F-588D-4C95-888D-C759E87E3805} = {6AFB87A3-501B-4A87-B94C-205AEB118D97}
		{46324C87-66B3-4326-B572-C69DC2CC8DBA} = {6AFB87A3-501B-4A87-B94C-205AEB118D97}
		{9A21AE72-B94E-433C-B98F-D0E442B814DE} = {6AFB87A3-501B-4A87-B94C-205AEB118D97}
		{4A247BE9-6655-4939-AC04-028AC0A3C9A7} = {6AFB87A3-501B-4A87-B94C-205AEB118D97}
		{AB4EC3F2-A116-439E-B715-78ED415A96CC} = {6AFB87A3-501B-4A87-B94C-205AEB118D97}
		{B610078C-57F5-40F3-9095-6626BC135800} = {6AFB87A3-501B-4A87-B94C-205AEB118D97}
		{5D0507A1-FD7B-46F7-99AC-4904E0DD47D9} = {6AFB87A3-501B-4A87-B94C-205AEB118D97}
		{E9006DFF-E8EA-410E-8E85-67E2EBAF0109} = {6AFB87A3-501B-4A87-B94C-205AEB118D97}
		{40A3FAE3-7298-4A07-9BEC-32E2C10FDC83} = {C177137F-A084-4178-805F-890F0A175A56}
		{AF991E12-F761-4D3D-82DC-BA204813C54E} = {C177137F-A084-4178-805F-890F0A175A56}
		{65B73763-9024-43A1-BFAF-045863CAEE1A} = {C177137F-A084-4178-805F-890F0A175A56}
		{EF1AA5A3-B806-4259-BAE9-746452782B57} = {6AFB87A3-501B-4A87-B94C-205AEB118D97}
		{AF919F36-871B-41BC-8093-54DAEB024296} = {6AFB87A3-501B-4A87-B94C-205AEB118D97}
		{00BA530D-20C8-4F42-9296-186766B9EC5C} = {6AFB87A3-501B-4A87-B94C-205AEB118D97}
		{0E38DDE2-BF48-4FAA-ADCB-E2DD162BFC27} = {6AFB87A3-501B-4A87-B94C-205AEB118D97}
		{82389BE6-8BAF-47B1-85A2-69023C94C42E} = {6AFB87A3-501B-4A87-B94C-205AEB118D97}
		{FA851A59-335E-43C7-9F99-23ADD44A99B0} = {9818A770-01ED-4340-BD4A-CFDDA6C56168}
		{504138DE-E59C-4CDA-9118-F90B7E6AF7D7} = {9818A770-01ED-4340-BD4A-CFDDA6C56168}
		{7FD94CD1-2A5B-4F26-8926-F893FFA31713} = {6AFB87A3-501B-4A87-B94C-205AEB118D97}
		{76337F92-F6A2-4735-AA21-DFE70059D7FF} = {6AFB87A3-501B-4A87-B94C-205AEB118D97}
		{B5732F14-A64B-4A5A-9941-FD615ACDF76F} = {6AFB87A3-501B-4A87-B94C-205AEB118D97}
	EndGlobalSection
	GlobalSection(ExtensibilityGlobals) = postSolution
		SolutionGuid = {89DA4AF5-B982-42AD-A829-8A72BCB21227}
	EndGlobalSection
EndGlobal
