
Microsoft Visual Studio Solution File, Format Version 12.00
# Visual Studio 15
VisualStudioVersion = 15.0.28307.136
MinimumVisualStudioVersion = 10.0.40219.1
Project("{9A19103F-16F7-4668-BE54-9A1E7A4F7556}") = "Silverback.Integration.Configuration", "src\Silverback.Integration.Configuration\Silverback.Integration.Configuration.csproj", "{A80D093C-CE1D-4E83-984F-7405646F4181}"
EndProject
Project("{2150E333-8FDC-42A3-9474-1A3956D46DE8}") = "Tests", "Tests", "{A454CC91-CDB2-4E5D-AECF-C6F38D9C416E}"
EndProject
Project("{FAE04EC0-301F-11D3-BF4B-00C04F79EFBC}") = "Silverback.Integration.Configuration.Tests", "tests\Silverback.Integration.Configuration.Tests\Silverback.Integration.Configuration.Tests.csproj", "{2D9F2C49-8322-4D8E-96D6-65915C8DAFD6}"
EndProject
Global
	GlobalSection(SolutionConfigurationPlatforms) = preSolution
		Debug|Any CPU = Debug|Any CPU
		Release|Any CPU = Release|Any CPU
	EndGlobalSection
	GlobalSection(ProjectConfigurationPlatforms) = postSolution
		{A80D093C-CE1D-4E83-984F-7405646F4181}.Debug|Any CPU.ActiveCfg = Debug|Any CPU
		{A80D093C-CE1D-4E83-984F-7405646F4181}.Debug|Any CPU.Build.0 = Debug|Any CPU
		{A80D093C-CE1D-4E83-984F-7405646F4181}.Release|Any CPU.ActiveCfg = Release|Any CPU
		{A80D093C-CE1D-4E83-984F-7405646F4181}.Release|Any CPU.Build.0 = Release|Any CPU
		{2D9F2C49-8322-4D8E-96D6-65915C8DAFD6}.Debug|Any CPU.ActiveCfg = Debug|Any CPU
		{2D9F2C49-8322-4D8E-96D6-65915C8DAFD6}.Debug|Any CPU.Build.0 = Debug|Any CPU
		{2D9F2C49-8322-4D8E-96D6-65915C8DAFD6}.Release|Any CPU.ActiveCfg = Release|Any CPU
		{2D9F2C49-8322-4D8E-96D6-65915C8DAFD6}.Release|Any CPU.Build.0 = Release|Any CPU
	EndGlobalSection
	GlobalSection(SolutionProperties) = preSolution
		HideSolutionNode = FALSE
	EndGlobalSection
	GlobalSection(NestedProjects) = preSolution
		{2D9F2C49-8322-4D8E-96D6-65915C8DAFD6} = {A454CC91-CDB2-4E5D-AECF-C6F38D9C416E}
	EndGlobalSection
	GlobalSection(ExtensibilityGlobals) = postSolution
		SolutionGuid = {547DB2D7-9BE2-41B5-AE9C-AC066F38B9D0}
	EndGlobalSection
EndGlobal
