
Microsoft Visual Studio Solution File, Format Version 12.00
# Visual Studio 15
VisualStudioVersion = 15.0.27130.2026
MinimumVisualStudioVersion = 10.0.40219.1
Project("{9A19103F-16F7-4668-BE54-9A1E7A4F7556}") = "Silverback.Integration", "src\Silverback.Integration\Silverback.Integration.csproj", "{44975CCC-20A1-4BF0-82ED-D630B9172AC7}"
EndProject
Project("{2150E333-8FDC-42A3-9474-1A3956D46DE8}") = "Tests", "Tests", "{0F05D629-B1FB-4FBE-9C3D-347F14595DF5}"
EndProject
Project("{FAE04EC0-301F-11D3-BF4B-00C04F79EFBC}") = "Silverback.Integration.Tests", "tests\Silverback.Integration.Tests\Silverback.Integration.Tests.csproj", "{37D6DECE-9266-4E20-8BDB-5F1DE874F0DB}"
EndProject
Global
	GlobalSection(SolutionConfigurationPlatforms) = preSolution
		Debug|Any CPU = Debug|Any CPU
		Release|Any CPU = Release|Any CPU
	EndGlobalSection
	GlobalSection(ProjectConfigurationPlatforms) = postSolution
		{44975CCC-20A1-4BF0-82ED-D630B9172AC7}.Debug|Any CPU.ActiveCfg = Debug|Any CPU
		{44975CCC-20A1-4BF0-82ED-D630B9172AC7}.Debug|Any CPU.Build.0 = Debug|Any CPU
		{44975CCC-20A1-4BF0-82ED-D630B9172AC7}.Release|Any CPU.ActiveCfg = Release|Any CPU
		{44975CCC-20A1-4BF0-82ED-D630B9172AC7}.Release|Any CPU.Build.0 = Release|Any CPU
		{37D6DECE-9266-4E20-8BDB-5F1DE874F0DB}.Debug|Any CPU.ActiveCfg = Debug|Any CPU
		{37D6DECE-9266-4E20-8BDB-5F1DE874F0DB}.Debug|Any CPU.Build.0 = Debug|Any CPU
		{37D6DECE-9266-4E20-8BDB-5F1DE874F0DB}.Release|Any CPU.ActiveCfg = Release|Any CPU
		{37D6DECE-9266-4E20-8BDB-5F1DE874F0DB}.Release|Any CPU.Build.0 = Release|Any CPU
	EndGlobalSection
	GlobalSection(SolutionProperties) = preSolution
		HideSolutionNode = FALSE
	EndGlobalSection
	GlobalSection(NestedProjects) = preSolution
		{37D6DECE-9266-4E20-8BDB-5F1DE874F0DB} = {0F05D629-B1FB-4FBE-9C3D-347F14595DF5}
	EndGlobalSection
	GlobalSection(ExtensibilityGlobals) = postSolution
		SolutionGuid = {0093656A-4994-411A-811D-F4EEDB38A181}
	EndGlobalSection
EndGlobal
