
Microsoft Visual Studio Solution File, Format Version 12.00
Project("{2150E333-8FDC-42A3-9474-1A3956D46DE8}") = "Solution Items", "Solution Items", "{9CA6D8B4-9C05-47D0-8E46-1968359396C9}"
ProjectSection(SolutionItems) = preProject
	README.md = README.md
	stylecop.json = stylecop.json
	.editorconfig = .editorconfig
	Silverback.Samples.sln.DotSettings = Silverback.Samples.sln.DotSettings
EndProjectSection
EndProject
Project("{2150E333-8FDC-42A3-9474-1A3956D46DE8}") = "Kafka", "Kafka", "{4A403180-A52A-488B-A6F8-53CBF9AE604E}"
EndProject
Project("{FAE04EC0-301F-11D3-BF4B-00C04F79EFBC}") = "BinaryFileStreaming.Consumer", "Kafka\BinaryFileStreaming.Consumer\BinaryFileStreaming.Consumer.csproj", "{A0EE22B4-2E48-46C8-9F17-1389E6F1C712}"
EndProject
Project("{FAE04EC0-301F-11D3-BF4B-00C04F79EFBC}") = "BinaryFileStreaming.Producer", "Kafka\BinaryFileStreaming.Producer\BinaryFileStreaming.Producer.csproj", "{907967A1-18B8-4925-BB25-A7D696A39A4B}"
EndProject
Project("{FAE04EC0-301F-11D3-BF4B-00C04F79EFBC}") = "Basic.Consumer", "Kafka\Basic.Consumer\Basic.Consumer.csproj", "{159D98DA-C553-4214-86A7-F4DBFDDE11AE}"
EndProject
Project("{FAE04EC0-301F-11D3-BF4B-00C04F79EFBC}") = "Basic.Producer", "Kafka\Basic.Producer\Basic.Producer.csproj", "{BBCB81B6-F4C5-4971-9B4E-CB8D12936D87}"
EndProject
Project("{FAE04EC0-301F-11D3-BF4B-00C04F79EFBC}") = "Basic.Common", "Kafka\Basic.Common\Basic.Common.csproj", "{B9C8164C-66F8-4EEF-9478-9F7787C6F18B}"
EndProject
Project("{2150E333-8FDC-42A3-9474-1A3956D46DE8}") = "MQTT", "MQTT", "{70DCD365-15DA-4602-9E81-A4E0E798F77B}"
EndProject
Project("{FAE04EC0-301F-11D3-BF4B-00C04F79EFBC}") = "Basic.Common", "MQTT\Basic.Common\Basic.Common.csproj", "{9C1806D2-BB7B-47C3-8341-427FDA4E5675}"
EndProject
Project("{FAE04EC0-301F-11D3-BF4B-00C04F79EFBC}") = "Basic.Consumer", "MQTT\Basic.Consumer\Basic.Consumer.csproj", "{548C50DC-E8CB-4E92-BB01-6547891C9130}"
EndProject
Project("{FAE04EC0-301F-11D3-BF4B-00C04F79EFBC}") = "Basic.Producer", "MQTT\Basic.Producer\Basic.Producer.csproj", "{916956D5-9AE7-40E7-9025-45B0CA9CC39B}"
EndProject
Project("{FAE04EC0-301F-11D3-BF4B-00C04F79EFBC}") = "BinaryFileStreaming.Producer", "MQTT\BinaryFileStreaming.Producer\BinaryFileStreaming.Producer.csproj", "{FD3FF074-6ADD-4E73-9CFF-4EAAB398EF8A}"
EndProject
Project("{FAE04EC0-301F-11D3-BF4B-00C04F79EFBC}") = "BinaryFileStreaming.Consumer", "MQTT\BinaryFileStreaming.Consumer\BinaryFileStreaming.Consumer.csproj", "{55BE5CD9-EA4F-4141-B613-46524991D2D2}"
EndProject
Project("{FAE04EC0-301F-11D3-BF4B-00C04F79EFBC}") = "Basic.ConsumerV3", "MQTT\Basic.ConsumerV3\Basic.ConsumerV3.csproj", "{1D5D57DB-DC17-4270-9162-2EBDE6CF7782}"
EndProject
Project("{FAE04EC0-301F-11D3-BF4B-00C04F79EFBC}") = "Basic.ProducerV3", "MQTT\Basic.ProducerV3\Basic.ProducerV3.csproj", "{295EB17D-FF73-459B-AB13-2983682EA3A6}"
EndProject
Project("{FAE04EC0-301F-11D3-BF4B-00C04F79EFBC}") = "Samples.Common", "Samples.Common\Samples.Common.csproj", "{58294F80-B22D-45B8-B782-E2B39AAFE546}"
EndProject
Project("{FAE04EC0-301F-11D3-BF4B-00C04F79EFBC}") = "Batch.Common", "Kafka\Batch.Common\Batch.Common.csproj", "{02440BDD-D12A-4572-9E45-DDF1ED64E8DF}"
EndProject
Project("{FAE04EC0-301F-11D3-BF4B-00C04F79EFBC}") = "Batch.Consumer", "Kafka\Batch.Consumer\Batch.Consumer.csproj", "{CAD6A670-2B1A-4978-8FFD-64CD4A977396}"
EndProject
Project("{FAE04EC0-301F-11D3-BF4B-00C04F79EFBC}") = "Batch.Producer", "Kafka\Batch.Producer\Batch.Producer.csproj", "{1B58DA18-EC78-4322-910C-F830DEA75ED0}"
EndProject
Project("{FAE04EC0-301F-11D3-BF4B-00C04F79EFBC}") = "Avro.Consumer", "Kafka\Avro.Consumer\Avro.Consumer.csproj", "{3A8EE0DC-32B5-49D0-86F1-066952B69E87}"
EndProject
Project("{FAE04EC0-301F-11D3-BF4B-00C04F79EFBC}") = "Avro.Producer", "Kafka\Avro.Producer\Avro.Producer.csproj", "{BE737336-582F-4363-AB3D-4C50003C7883}"
EndProject
Project("{FAE04EC0-301F-11D3-BF4B-00C04F79EFBC}") = "Avro.Common", "Kafka\Avro.Common\Avro.Common.csproj", "{265FB460-BDEE-4FA0-AB63-D7C944B45361}"
EndProject
Project("{FAE04EC0-301F-11D3-BF4B-00C04F79EFBC}") = "TransactionalProducer.Common", "Kafka\TransactionalProducer.Common\TransactionalProducer.Common.csproj", "{5FC5113D-9280-4470-966C-0B8FE7E6032C}"
EndProject
Project("{FAE04EC0-301F-11D3-BF4B-00C04F79EFBC}") = "TransactionalProducer.Consumer", "Kafka\TransactionalProducer.Consumer\TransactionalProducer.Consumer.csproj", "{7B29CFD4-E2F2-4460-9DCE-3C351EEB0D2A}"
EndProject
Project("{FAE04EC0-301F-11D3-BF4B-00C04F79EFBC}") = "TransactionalProducer.Producer", "Kafka\TransactionalProducer.Producer\TransactionalProducer.Producer.csproj", "{7E2162BE-E940-4480-A969-32707ABC8D27}"
EndProject
Project("{FAE04EC0-301F-11D3-BF4B-00C04F79EFBC}") = "BatchWithTombstone.Common", "Kafka\BatchWithTombstone.Common\BatchWithTombstone.Common.csproj", "{145DFF91-4AEC-4A84-9E4F-47982BB6F481}"
EndProject
Project("{FAE04EC0-301F-11D3-BF4B-00C04F79EFBC}") = "BatchWithTombstone.Consumer", "Kafka\BatchWithTombstone.Consumer\BatchWithTombstone.Consumer.csproj", "{64BE4B55-6140-4D35-8A19-F93B7D3BCB6F}"
EndProject
Project("{FAE04EC0-301F-11D3-BF4B-00C04F79EFBC}") = "BatchWithTombstone.Producer", "Kafka\BatchWithTombstone.Producer\BatchWithTombstone.Producer.csproj", "{262DD2D0-D1AB-4310-831A-CF80AE45AE30}"
EndProject
Global
	GlobalSection(SolutionConfigurationPlatforms) = preSolution
		Debug|Any CPU = Debug|Any CPU
		Release|Any CPU = Release|Any CPU
	EndGlobalSection
	GlobalSection(ProjectConfigurationPlatforms) = postSolution
		{A0EE22B4-2E48-46C8-9F17-1389E6F1C712}.Debug|Any CPU.ActiveCfg = Debug|Any CPU
		{A0EE22B4-2E48-46C8-9F17-1389E6F1C712}.Debug|Any CPU.Build.0 = Debug|Any CPU
		{A0EE22B4-2E48-46C8-9F17-1389E6F1C712}.Release|Any CPU.ActiveCfg = Release|Any CPU
		{A0EE22B4-2E48-46C8-9F17-1389E6F1C712}.Release|Any CPU.Build.0 = Release|Any CPU
		{907967A1-18B8-4925-BB25-A7D696A39A4B}.Debug|Any CPU.ActiveCfg = Debug|Any CPU
		{907967A1-18B8-4925-BB25-A7D696A39A4B}.Debug|Any CPU.Build.0 = Debug|Any CPU
		{907967A1-18B8-4925-BB25-A7D696A39A4B}.Release|Any CPU.ActiveCfg = Release|Any CPU
		{907967A1-18B8-4925-BB25-A7D696A39A4B}.Release|Any CPU.Build.0 = Release|Any CPU
		{159D98DA-C553-4214-86A7-F4DBFDDE11AE}.Debug|Any CPU.ActiveCfg = Debug|Any CPU
		{159D98DA-C553-4214-86A7-F4DBFDDE11AE}.Debug|Any CPU.Build.0 = Debug|Any CPU
		{159D98DA-C553-4214-86A7-F4DBFDDE11AE}.Release|Any CPU.ActiveCfg = Release|Any CPU
		{159D98DA-C553-4214-86A7-F4DBFDDE11AE}.Release|Any CPU.Build.0 = Release|Any CPU
		{BBCB81B6-F4C5-4971-9B4E-CB8D12936D87}.Debug|Any CPU.ActiveCfg = Debug|Any CPU
		{BBCB81B6-F4C5-4971-9B4E-CB8D12936D87}.Debug|Any CPU.Build.0 = Debug|Any CPU
		{BBCB81B6-F4C5-4971-9B4E-CB8D12936D87}.Release|Any CPU.ActiveCfg = Release|Any CPU
		{BBCB81B6-F4C5-4971-9B4E-CB8D12936D87}.Release|Any CPU.Build.0 = Release|Any CPU
		{B9C8164C-66F8-4EEF-9478-9F7787C6F18B}.Debug|Any CPU.ActiveCfg = Debug|Any CPU
		{B9C8164C-66F8-4EEF-9478-9F7787C6F18B}.Debug|Any CPU.Build.0 = Debug|Any CPU
		{B9C8164C-66F8-4EEF-9478-9F7787C6F18B}.Release|Any CPU.ActiveCfg = Release|Any CPU
		{B9C8164C-66F8-4EEF-9478-9F7787C6F18B}.Release|Any CPU.Build.0 = Release|Any CPU
		{9C1806D2-BB7B-47C3-8341-427FDA4E5675}.Debug|Any CPU.ActiveCfg = Debug|Any CPU
		{9C1806D2-BB7B-47C3-8341-427FDA4E5675}.Debug|Any CPU.Build.0 = Debug|Any CPU
		{9C1806D2-BB7B-47C3-8341-427FDA4E5675}.Release|Any CPU.ActiveCfg = Release|Any CPU
		{9C1806D2-BB7B-47C3-8341-427FDA4E5675}.Release|Any CPU.Build.0 = Release|Any CPU
		{548C50DC-E8CB-4E92-BB01-6547891C9130}.Debug|Any CPU.ActiveCfg = Debug|Any CPU
		{548C50DC-E8CB-4E92-BB01-6547891C9130}.Debug|Any CPU.Build.0 = Debug|Any CPU
		{548C50DC-E8CB-4E92-BB01-6547891C9130}.Release|Any CPU.ActiveCfg = Release|Any CPU
		{548C50DC-E8CB-4E92-BB01-6547891C9130}.Release|Any CPU.Build.0 = Release|Any CPU
		{916956D5-9AE7-40E7-9025-45B0CA9CC39B}.Debug|Any CPU.ActiveCfg = Debug|Any CPU
		{916956D5-9AE7-40E7-9025-45B0CA9CC39B}.Debug|Any CPU.Build.0 = Debug|Any CPU
		{916956D5-9AE7-40E7-9025-45B0CA9CC39B}.Release|Any CPU.ActiveCfg = Release|Any CPU
		{916956D5-9AE7-40E7-9025-45B0CA9CC39B}.Release|Any CPU.Build.0 = Release|Any CPU
		{FD3FF074-6ADD-4E73-9CFF-4EAAB398EF8A}.Debug|Any CPU.ActiveCfg = Debug|Any CPU
		{FD3FF074-6ADD-4E73-9CFF-4EAAB398EF8A}.Debug|Any CPU.Build.0 = Debug|Any CPU
		{FD3FF074-6ADD-4E73-9CFF-4EAAB398EF8A}.Release|Any CPU.ActiveCfg = Release|Any CPU
		{FD3FF074-6ADD-4E73-9CFF-4EAAB398EF8A}.Release|Any CPU.Build.0 = Release|Any CPU
		{55BE5CD9-EA4F-4141-B613-46524991D2D2}.Debug|Any CPU.ActiveCfg = Debug|Any CPU
		{55BE5CD9-EA4F-4141-B613-46524991D2D2}.Debug|Any CPU.Build.0 = Debug|Any CPU
		{55BE5CD9-EA4F-4141-B613-46524991D2D2}.Release|Any CPU.ActiveCfg = Release|Any CPU
		{55BE5CD9-EA4F-4141-B613-46524991D2D2}.Release|Any CPU.Build.0 = Release|Any CPU
		{1D5D57DB-DC17-4270-9162-2EBDE6CF7782}.Debug|Any CPU.ActiveCfg = Debug|Any CPU
		{1D5D57DB-DC17-4270-9162-2EBDE6CF7782}.Debug|Any CPU.Build.0 = Debug|Any CPU
		{1D5D57DB-DC17-4270-9162-2EBDE6CF7782}.Release|Any CPU.ActiveCfg = Release|Any CPU
		{1D5D57DB-DC17-4270-9162-2EBDE6CF7782}.Release|Any CPU.Build.0 = Release|Any CPU
		{295EB17D-FF73-459B-AB13-2983682EA3A6}.Debug|Any CPU.ActiveCfg = Debug|Any CPU
		{295EB17D-FF73-459B-AB13-2983682EA3A6}.Debug|Any CPU.Build.0 = Debug|Any CPU
		{295EB17D-FF73-459B-AB13-2983682EA3A6}.Release|Any CPU.ActiveCfg = Release|Any CPU
		{295EB17D-FF73-459B-AB13-2983682EA3A6}.Release|Any CPU.Build.0 = Release|Any CPU
		{58294F80-B22D-45B8-B782-E2B39AAFE546}.Debug|Any CPU.ActiveCfg = Debug|Any CPU
		{58294F80-B22D-45B8-B782-E2B39AAFE546}.Debug|Any CPU.Build.0 = Debug|Any CPU
		{58294F80-B22D-45B8-B782-E2B39AAFE546}.Release|Any CPU.ActiveCfg = Release|Any CPU
		{58294F80-B22D-45B8-B782-E2B39AAFE546}.Release|Any CPU.Build.0 = Release|Any CPU
		{02440BDD-D12A-4572-9E45-DDF1ED64E8DF}.Debug|Any CPU.ActiveCfg = Debug|Any CPU
		{02440BDD-D12A-4572-9E45-DDF1ED64E8DF}.Debug|Any CPU.Build.0 = Debug|Any CPU
		{02440BDD-D12A-4572-9E45-DDF1ED64E8DF}.Release|Any CPU.ActiveCfg = Release|Any CPU
		{02440BDD-D12A-4572-9E45-DDF1ED64E8DF}.Release|Any CPU.Build.0 = Release|Any CPU
		{CAD6A670-2B1A-4978-8FFD-64CD4A977396}.Debug|Any CPU.ActiveCfg = Debug|Any CPU
		{CAD6A670-2B1A-4978-8FFD-64CD4A977396}.Debug|Any CPU.Build.0 = Debug|Any CPU
		{CAD6A670-2B1A-4978-8FFD-64CD4A977396}.Release|Any CPU.ActiveCfg = Release|Any CPU
		{CAD6A670-2B1A-4978-8FFD-64CD4A977396}.Release|Any CPU.Build.0 = Release|Any CPU
		{1B58DA18-EC78-4322-910C-F830DEA75ED0}.Debug|Any CPU.ActiveCfg = Debug|Any CPU
		{1B58DA18-EC78-4322-910C-F830DEA75ED0}.Debug|Any CPU.Build.0 = Debug|Any CPU
		{1B58DA18-EC78-4322-910C-F830DEA75ED0}.Release|Any CPU.ActiveCfg = Release|Any CPU
		{1B58DA18-EC78-4322-910C-F830DEA75ED0}.Release|Any CPU.Build.0 = Release|Any CPU
		{3A8EE0DC-32B5-49D0-86F1-066952B69E87}.Debug|Any CPU.ActiveCfg = Debug|Any CPU
		{3A8EE0DC-32B5-49D0-86F1-066952B69E87}.Debug|Any CPU.Build.0 = Debug|Any CPU
		{3A8EE0DC-32B5-49D0-86F1-066952B69E87}.Release|Any CPU.ActiveCfg = Release|Any CPU
		{3A8EE0DC-32B5-49D0-86F1-066952B69E87}.Release|Any CPU.Build.0 = Release|Any CPU
		{BE737336-582F-4363-AB3D-4C50003C7883}.Debug|Any CPU.ActiveCfg = Debug|Any CPU
		{BE737336-582F-4363-AB3D-4C50003C7883}.Debug|Any CPU.Build.0 = Debug|Any CPU
		{BE737336-582F-4363-AB3D-4C50003C7883}.Release|Any CPU.ActiveCfg = Release|Any CPU
		{BE737336-582F-4363-AB3D-4C50003C7883}.Release|Any CPU.Build.0 = Release|Any CPU
		{265FB460-BDEE-4FA0-AB63-D7C944B45361}.Debug|Any CPU.ActiveCfg = Debug|Any CPU
		{265FB460-BDEE-4FA0-AB63-D7C944B45361}.Debug|Any CPU.Build.0 = Debug|Any CPU
		{265FB460-BDEE-4FA0-AB63-D7C944B45361}.Release|Any CPU.ActiveCfg = Release|Any CPU
		{265FB460-BDEE-4FA0-AB63-D7C944B45361}.Release|Any CPU.Build.0 = Release|Any CPU
		{5FC5113D-9280-4470-966C-0B8FE7E6032C}.Debug|Any CPU.ActiveCfg = Debug|Any CPU
		{5FC5113D-9280-4470-966C-0B8FE7E6032C}.Debug|Any CPU.Build.0 = Debug|Any CPU
		{5FC5113D-9280-4470-966C-0B8FE7E6032C}.Release|Any CPU.ActiveCfg = Release|Any CPU
		{5FC5113D-9280-4470-966C-0B8FE7E6032C}.Release|Any CPU.Build.0 = Release|Any CPU
		{7B29CFD4-E2F2-4460-9DCE-3C351EEB0D2A}.Debug|Any CPU.ActiveCfg = Debug|Any CPU
		{7B29CFD4-E2F2-4460-9DCE-3C351EEB0D2A}.Debug|Any CPU.Build.0 = Debug|Any CPU
		{7B29CFD4-E2F2-4460-9DCE-3C351EEB0D2A}.Release|Any CPU.ActiveCfg = Release|Any CPU
		{7B29CFD4-E2F2-4460-9DCE-3C351EEB0D2A}.Release|Any CPU.Build.0 = Release|Any CPU
		{7E2162BE-E940-4480-A969-32707ABC8D27}.Debug|Any CPU.ActiveCfg = Debug|Any CPU
		{7E2162BE-E940-4480-A969-32707ABC8D27}.Debug|Any CPU.Build.0 = Debug|Any CPU
		{7E2162BE-E940-4480-A969-32707ABC8D27}.Release|Any CPU.ActiveCfg = Release|Any CPU
		{7E2162BE-E940-4480-A969-32707ABC8D27}.Release|Any CPU.Build.0 = Release|Any CPU
		{145DFF91-4AEC-4A84-9E4F-47982BB6F481}.Debug|Any CPU.ActiveCfg = Debug|Any CPU
		{145DFF91-4AEC-4A84-9E4F-47982BB6F481}.Debug|Any CPU.Build.0 = Debug|Any CPU
		{145DFF91-4AEC-4A84-9E4F-47982BB6F481}.Release|Any CPU.ActiveCfg = Release|Any CPU
		{145DFF91-4AEC-4A84-9E4F-47982BB6F481}.Release|Any CPU.Build.0 = Release|Any CPU
		{64BE4B55-6140-4D35-8A19-F93B7D3BCB6F}.Debug|Any CPU.ActiveCfg = Debug|Any CPU
		{64BE4B55-6140-4D35-8A19-F93B7D3BCB6F}.Debug|Any CPU.Build.0 = Debug|Any CPU
		{64BE4B55-6140-4D35-8A19-F93B7D3BCB6F}.Release|Any CPU.ActiveCfg = Release|Any CPU
		{64BE4B55-6140-4D35-8A19-F93B7D3BCB6F}.Release|Any CPU.Build.0 = Release|Any CPU
		{262DD2D0-D1AB-4310-831A-CF80AE45AE30}.Debug|Any CPU.ActiveCfg = Debug|Any CPU
		{262DD2D0-D1AB-4310-831A-CF80AE45AE30}.Debug|Any CPU.Build.0 = Debug|Any CPU
		{262DD2D0-D1AB-4310-831A-CF80AE45AE30}.Release|Any CPU.ActiveCfg = Release|Any CPU
		{262DD2D0-D1AB-4310-831A-CF80AE45AE30}.Release|Any CPU.Build.0 = Release|Any CPU
	EndGlobalSection
	GlobalSection(NestedProjects) = preSolution
		{A0EE22B4-2E48-46C8-9F17-1389E6F1C712} = {4A403180-A52A-488B-A6F8-53CBF9AE604E}
		{907967A1-18B8-4925-BB25-A7D696A39A4B} = {4A403180-A52A-488B-A6F8-53CBF9AE604E}
		{159D98DA-C553-4214-86A7-F4DBFDDE11AE} = {4A403180-A52A-488B-A6F8-53CBF9AE604E}
		{BBCB81B6-F4C5-4971-9B4E-CB8D12936D87} = {4A403180-A52A-488B-A6F8-53CBF9AE604E}
		{B9C8164C-66F8-4EEF-9478-9F7787C6F18B} = {4A403180-A52A-488B-A6F8-53CBF9AE604E}
		{9C1806D2-BB7B-47C3-8341-427FDA4E5675} = {70DCD365-15DA-4602-9E81-A4E0E798F77B}
		{548C50DC-E8CB-4E92-BB01-6547891C9130} = {70DCD365-15DA-4602-9E81-A4E0E798F77B}
		{916956D5-9AE7-40E7-9025-45B0CA9CC39B} = {70DCD365-15DA-4602-9E81-A4E0E798F77B}
		{FD3FF074-6ADD-4E73-9CFF-4EAAB398EF8A} = {70DCD365-15DA-4602-9E81-A4E0E798F77B}
		{55BE5CD9-EA4F-4141-B613-46524991D2D2} = {70DCD365-15DA-4602-9E81-A4E0E798F77B}
		{1D5D57DB-DC17-4270-9162-2EBDE6CF7782} = {70DCD365-15DA-4602-9E81-A4E0E798F77B}
		{295EB17D-FF73-459B-AB13-2983682EA3A6} = {70DCD365-15DA-4602-9E81-A4E0E798F77B}
		{02440BDD-D12A-4572-9E45-DDF1ED64E8DF} = {4A403180-A52A-488B-A6F8-53CBF9AE604E}
		{1B58DA18-EC78-4322-910C-F830DEA75ED0} = {4A403180-A52A-488B-A6F8-53CBF9AE604E}
		{CAD6A670-2B1A-4978-8FFD-64CD4A977396} = {4A403180-A52A-488B-A6F8-53CBF9AE604E}
		{3A8EE0DC-32B5-49D0-86F1-066952B69E87} = {4A403180-A52A-488B-A6F8-53CBF9AE604E}
		{BE737336-582F-4363-AB3D-4C50003C7883} = {4A403180-A52A-488B-A6F8-53CBF9AE604E}
		{265FB460-BDEE-4FA0-AB63-D7C944B45361} = {4A403180-A52A-488B-A6F8-53CBF9AE604E}
		{5FC5113D-9280-4470-966C-0B8FE7E6032C} = {4A403180-A52A-488B-A6F8-53CBF9AE604E}
		{7B29CFD4-E2F2-4460-9DCE-3C351EEB0D2A} = {4A403180-A52A-488B-A6F8-53CBF9AE604E}
		{7E2162BE-E940-4480-A969-32707ABC8D27} = {4A403180-A52A-488B-A6F8-53CBF9AE604E}
		{145DFF91-4AEC-4A84-9E4F-47982BB6F481} = {4A403180-A52A-488B-A6F8-53CBF9AE604E}
		{64BE4B55-6140-4D35-8A19-F93B7D3BCB6F} = {4A403180-A52A-488B-A6F8-53CBF9AE604E}
		{262DD2D0-D1AB-4310-831A-CF80AE45AE30} = {4A403180-A52A-488B-A6F8-53CBF9AE604E}
	EndGlobalSection
EndGlobal
