
Microsoft Visual Studio Solution File, Format Version 12.00
Project("{2150E333-8FDC-42A3-9474-1A3956D46DE8}") = "Solution Items", "Solution Items", "{9CA6D8B4-9C05-47D0-8E46-1968359396C9}"
ProjectSection(SolutionItems) = preProject
	Directory.Build.props = Directory.Build.props
	README.md = README.md
	CodeAnalysis.ruleset = CodeAnalysis.ruleset
	stylecop.json = stylecop.json
EndProjectSection
EndProject
Project("{2150E333-8FDC-42A3-9474-1A3956D46DE8}") = "Kafka", "Kafka", "{4A403180-A52A-488B-A6F8-53CBF9AE604E}"
EndProject
Project("{FAE04EC0-301F-11D3-BF4B-00C04F79EFBC}") = "BinaryFileStreaming.Consumer", "Kafka\BinaryFileStreaming.Consumer\BinaryFileStreaming.Consumer.csproj", "{A0EE22B4-2E48-46C8-9F17-1389E6F1C712}"
EndProject
Project("{FAE04EC0-301F-11D3-BF4B-00C04F79EFBC}") = "BinaryFileStreaming.Producer", "Kafka\BinaryFileStreaming.Producer\BinaryFileStreaming.Producer.csproj", "{907967A1-18B8-4925-BB25-A7D696A39A4B}"
EndProject
Global
	GlobalSection(SolutionConfigurationPlatforms) = preSolution
		Debug|Any CPU = Debug|Any CPU
		Release|Any CPU = Release|Any CPU
	EndGlobalSection
	GlobalSection(ProjectConfigurationPlatforms) = postSolution
		{A0EE22B4-2E48-46C8-9F17-1389E6F1C712}.Debug|Any CPU.ActiveCfg = Debug|Any CPU
		{A0EE22B4-2E48-46C8-9F17-1389E6F1C712}.Debug|Any CPU.Build.0 = Debug|Any CPU
		{A0EE22B4-2E48-46C8-9F17-1389E6F1C712}.Release|Any CPU.ActiveCfg = Release|Any CPU
		{A0EE22B4-2E48-46C8-9F17-1389E6F1C712}.Release|Any CPU.Build.0 = Release|Any CPU
		{907967A1-18B8-4925-BB25-A7D696A39A4B}.Debug|Any CPU.ActiveCfg = Debug|Any CPU
		{907967A1-18B8-4925-BB25-A7D696A39A4B}.Debug|Any CPU.Build.0 = Debug|Any CPU
		{907967A1-18B8-4925-BB25-A7D696A39A4B}.Release|Any CPU.ActiveCfg = Release|Any CPU
		{907967A1-18B8-4925-BB25-A7D696A39A4B}.Release|Any CPU.Build.0 = Release|Any CPU
	EndGlobalSection
	GlobalSection(NestedProjects) = preSolution
		{A0EE22B4-2E48-46C8-9F17-1389E6F1C712} = {4A403180-A52A-488B-A6F8-53CBF9AE604E}
		{907967A1-18B8-4925-BB25-A7D696A39A4B} = {4A403180-A52A-488B-A6F8-53CBF9AE604E}
	EndGlobalSection
EndGlobal
