
Microsoft Visual Studio Solution File, Format Version 12.00
# Visual Studio 15
VisualStudioVersion = 15.0.27428.2005
MinimumVisualStudioVersion = 10.0.40219.1
Project("{9A19103F-16F7-4668-BE54-9A1E7A4F7556}") = "Baskets.Service", "Baskets.Service\Baskets.Service.csproj", "{BBF61ACC-77C5-4999-AAC8-05A263DA3573}"
EndProject
Project("{9A19103F-16F7-4668-BE54-9A1E7A4F7556}") = "Baskets.Domain", "Baskets.Domain\Baskets.Domain.csproj", "{D140E784-63EF-4838-81BA-A90910C07E5C}"
EndProject
Project("{9A19103F-16F7-4668-BE54-9A1E7A4F7556}") = "Baskets.Infrastructure", "Baskets.Infrastructure\Baskets.Infrastructure.csproj", "{B3CCE668-C967-4790-8657-F3A08F9526CB}"
EndProject
Project("{9A19103F-16F7-4668-BE54-9A1E7A4F7556}") = "Common.Domain", "Common.Domain\Common.Domain.csproj", "{6945CDEF-964A-4076-9753-AB7DC11A45F2}"
EndProject
Project("{2150E333-8FDC-42A3-9474-1A3956D46DE8}") = "Baskets", "Baskets", "{F22F2972-FB80-4EBF-BA33-54682E2F8B0E}"
EndProject
Project("{9A19103F-16F7-4668-BE54-9A1E7A4F7556}") = "Common.Data", "Common.Data\Common.Data.csproj", "{5E05CCC0-5601-4982-9947-36A3AD484366}"
EndProject
Project("{9A19103F-16F7-4668-BE54-9A1E7A4F7556}") = "Common.Infrastructure", "Common.Infrastructure\Common.Infrastructure.csproj", "{B68988D4-67B2-44DA-9B02-9DDEF73700B8}"
EndProject
Project("{9A19103F-16F7-4668-BE54-9A1E7A4F7556}") = "Baskets.Integration", "Baskets.Integration\Baskets.Integration.csproj", "{614F609E-60AC-4DDA-906C-41164F913FB7}"
EndProject
Project("{2150E333-8FDC-42A3-9474-1A3956D46DE8}") = "Catalog", "Catalog", "{63EFEF22-A424-4852-B0AF-4B0F936615AA}"
EndProject
Project("{9A19103F-16F7-4668-BE54-9A1E7A4F7556}") = "Catalog.Service", "Catalog.Service\Catalog.Service.csproj", "{77C805DF-80B0-427E-95E5-E1C70C68C6A3}"
EndProject
Project("{9A19103F-16F7-4668-BE54-9A1E7A4F7556}") = "Catalog.Domain", "Catalog.Domain\Catalog.Domain.csproj", "{C945B2AD-F717-4B09-A982-443F21F5C3EA}"
EndProject
Project("{9A19103F-16F7-4668-BE54-9A1E7A4F7556}") = "Catalog.Infrastructure", "Catalog.Infrastructure\Catalog.Infrastructure.csproj", "{B3DC3365-12D2-418C-8461-B2B50B6BB73D}"
EndProject
Project("{9A19103F-16F7-4668-BE54-9A1E7A4F7556}") = "Catalog.Integration", "Catalog.Integration\Catalog.Integration.csproj", "{C3704C6F-A0F2-47F6-BBD6-7A8B0DE9C484}"
EndProject
Project("{E53339B2-1760-4266-BCC7-CA923CBCF16C}") = "docker-compose", "docker-compose.dcproj", "{7844AE9E-B71C-4AC5-913D-0BF5D5EA47A1}"
EndProject
Global
	GlobalSection(SolutionConfigurationPlatforms) = preSolution
		Debug|Any CPU = Debug|Any CPU
		Release|Any CPU = Release|Any CPU
	EndGlobalSection
	GlobalSection(ProjectConfigurationPlatforms) = postSolution
		{BBF61ACC-77C5-4999-AAC8-05A263DA3573}.Debug|Any CPU.ActiveCfg = Debug|Any CPU
		{BBF61ACC-77C5-4999-AAC8-05A263DA3573}.Debug|Any CPU.Build.0 = Debug|Any CPU
		{BBF61ACC-77C5-4999-AAC8-05A263DA3573}.Release|Any CPU.ActiveCfg = Release|Any CPU
		{BBF61ACC-77C5-4999-AAC8-05A263DA3573}.Release|Any CPU.Build.0 = Release|Any CPU
		{D140E784-63EF-4838-81BA-A90910C07E5C}.Debug|Any CPU.ActiveCfg = Debug|Any CPU
		{D140E784-63EF-4838-81BA-A90910C07E5C}.Debug|Any CPU.Build.0 = Debug|Any CPU
		{D140E784-63EF-4838-81BA-A90910C07E5C}.Release|Any CPU.ActiveCfg = Release|Any CPU
		{D140E784-63EF-4838-81BA-A90910C07E5C}.Release|Any CPU.Build.0 = Release|Any CPU
		{B3CCE668-C967-4790-8657-F3A08F9526CB}.Debug|Any CPU.ActiveCfg = Debug|Any CPU
		{B3CCE668-C967-4790-8657-F3A08F9526CB}.Debug|Any CPU.Build.0 = Debug|Any CPU
		{B3CCE668-C967-4790-8657-F3A08F9526CB}.Release|Any CPU.ActiveCfg = Release|Any CPU
		{B3CCE668-C967-4790-8657-F3A08F9526CB}.Release|Any CPU.Build.0 = Release|Any CPU
		{6945CDEF-964A-4076-9753-AB7DC11A45F2}.Debug|Any CPU.ActiveCfg = Debug|Any CPU
		{6945CDEF-964A-4076-9753-AB7DC11A45F2}.Debug|Any CPU.Build.0 = Debug|Any CPU
		{6945CDEF-964A-4076-9753-AB7DC11A45F2}.Release|Any CPU.ActiveCfg = Release|Any CPU
		{6945CDEF-964A-4076-9753-AB7DC11A45F2}.Release|Any CPU.Build.0 = Release|Any CPU
		{5E05CCC0-5601-4982-9947-36A3AD484366}.Debug|Any CPU.ActiveCfg = Debug|Any CPU
		{5E05CCC0-5601-4982-9947-36A3AD484366}.Debug|Any CPU.Build.0 = Debug|Any CPU
		{5E05CCC0-5601-4982-9947-36A3AD484366}.Release|Any CPU.ActiveCfg = Release|Any CPU
		{5E05CCC0-5601-4982-9947-36A3AD484366}.Release|Any CPU.Build.0 = Release|Any CPU
		{B68988D4-67B2-44DA-9B02-9DDEF73700B8}.Debug|Any CPU.ActiveCfg = Debug|Any CPU
		{B68988D4-67B2-44DA-9B02-9DDEF73700B8}.Debug|Any CPU.Build.0 = Debug|Any CPU
		{B68988D4-67B2-44DA-9B02-9DDEF73700B8}.Release|Any CPU.ActiveCfg = Release|Any CPU
		{B68988D4-67B2-44DA-9B02-9DDEF73700B8}.Release|Any CPU.Build.0 = Release|Any CPU
		{614F609E-60AC-4DDA-906C-41164F913FB7}.Debug|Any CPU.ActiveCfg = Debug|Any CPU
		{614F609E-60AC-4DDA-906C-41164F913FB7}.Debug|Any CPU.Build.0 = Debug|Any CPU
		{614F609E-60AC-4DDA-906C-41164F913FB7}.Release|Any CPU.ActiveCfg = Release|Any CPU
		{614F609E-60AC-4DDA-906C-41164F913FB7}.Release|Any CPU.Build.0 = Release|Any CPU
		{77C805DF-80B0-427E-95E5-E1C70C68C6A3}.Debug|Any CPU.ActiveCfg = Debug|Any CPU
		{77C805DF-80B0-427E-95E5-E1C70C68C6A3}.Debug|Any CPU.Build.0 = Debug|Any CPU
		{77C805DF-80B0-427E-95E5-E1C70C68C6A3}.Release|Any CPU.ActiveCfg = Release|Any CPU
		{77C805DF-80B0-427E-95E5-E1C70C68C6A3}.Release|Any CPU.Build.0 = Release|Any CPU
		{C945B2AD-F717-4B09-A982-443F21F5C3EA}.Debug|Any CPU.ActiveCfg = Debug|Any CPU
		{C945B2AD-F717-4B09-A982-443F21F5C3EA}.Debug|Any CPU.Build.0 = Debug|Any CPU
		{C945B2AD-F717-4B09-A982-443F21F5C3EA}.Release|Any CPU.ActiveCfg = Release|Any CPU
		{C945B2AD-F717-4B09-A982-443F21F5C3EA}.Release|Any CPU.Build.0 = Release|Any CPU
		{B3DC3365-12D2-418C-8461-B2B50B6BB73D}.Debug|Any CPU.ActiveCfg = Debug|Any CPU
		{B3DC3365-12D2-418C-8461-B2B50B6BB73D}.Debug|Any CPU.Build.0 = Debug|Any CPU
		{B3DC3365-12D2-418C-8461-B2B50B6BB73D}.Release|Any CPU.ActiveCfg = Release|Any CPU
		{B3DC3365-12D2-418C-8461-B2B50B6BB73D}.Release|Any CPU.Build.0 = Release|Any CPU
		{C3704C6F-A0F2-47F6-BBD6-7A8B0DE9C484}.Debug|Any CPU.ActiveCfg = Debug|Any CPU
		{C3704C6F-A0F2-47F6-BBD6-7A8B0DE9C484}.Debug|Any CPU.Build.0 = Debug|Any CPU
		{C3704C6F-A0F2-47F6-BBD6-7A8B0DE9C484}.Release|Any CPU.ActiveCfg = Release|Any CPU
		{C3704C6F-A0F2-47F6-BBD6-7A8B0DE9C484}.Release|Any CPU.Build.0 = Release|Any CPU
		{7844AE9E-B71C-4AC5-913D-0BF5D5EA47A1}.Debug|Any CPU.ActiveCfg = Debug|Any CPU
		{7844AE9E-B71C-4AC5-913D-0BF5D5EA47A1}.Debug|Any CPU.Build.0 = Debug|Any CPU
		{7844AE9E-B71C-4AC5-913D-0BF5D5EA47A1}.Release|Any CPU.ActiveCfg = Release|Any CPU
		{7844AE9E-B71C-4AC5-913D-0BF5D5EA47A1}.Release|Any CPU.Build.0 = Release|Any CPU
	EndGlobalSection
	GlobalSection(SolutionProperties) = preSolution
		HideSolutionNode = FALSE
	EndGlobalSection
	GlobalSection(NestedProjects) = preSolution
		{BBF61ACC-77C5-4999-AAC8-05A263DA3573} = {F22F2972-FB80-4EBF-BA33-54682E2F8B0E}
		{D140E784-63EF-4838-81BA-A90910C07E5C} = {F22F2972-FB80-4EBF-BA33-54682E2F8B0E}
		{B3CCE668-C967-4790-8657-F3A08F9526CB} = {F22F2972-FB80-4EBF-BA33-54682E2F8B0E}
		{614F609E-60AC-4DDA-906C-41164F913FB7} = {F22F2972-FB80-4EBF-BA33-54682E2F8B0E}
		{77C805DF-80B0-427E-95E5-E1C70C68C6A3} = {63EFEF22-A424-4852-B0AF-4B0F936615AA}
		{C945B2AD-F717-4B09-A982-443F21F5C3EA} = {63EFEF22-A424-4852-B0AF-4B0F936615AA}
		{B3DC3365-12D2-418C-8461-B2B50B6BB73D} = {63EFEF22-A424-4852-B0AF-4B0F936615AA}
		{C3704C6F-A0F2-47F6-BBD6-7A8B0DE9C484} = {63EFEF22-A424-4852-B0AF-4B0F936615AA}
	EndGlobalSection
	GlobalSection(ExtensibilityGlobals) = postSolution
		SolutionGuid = {43673226-88FC-4842-AF41-84B0557C7050}
	EndGlobalSection
EndGlobal
